
Microsoft Visual Studio Solution File, Format Version 12.00
# Visual Studio 15
VisualStudioVersion = 15.0.27428.2015
MinimumVisualStudioVersion = 10.0.40219.1
Project("{FAE04EC0-301F-11D3-BF4B-00C04F79EFBC}") = "DigiboardDisplay", "DigiboardDisplay\DigiboardDisplay.csproj", "{978F9EF4-9B80-48F9-92CD-499C77AAD079}"
EndProject
Global
	GlobalSection(SolutionConfigurationPlatforms) = preSolution
		Debug|Any CPU = Debug|Any CPU
		Release|Any CPU = Release|Any CPU
	EndGlobalSection
	GlobalSection(ProjectConfigurationPlatforms) = postSolution
		{978F9EF4-9B80-48F9-92CD-499C77AAD079}.Debug|Any CPU.ActiveCfg = Debug|Any CPU
		{978F9EF4-9B80-48F9-92CD-499C77AAD079}.Debug|Any CPU.Build.0 = Debug|Any CPU
		{978F9EF4-9B80-48F9-92CD-499C77AAD079}.Release|Any CPU.ActiveCfg = Release|Any CPU
		{978F9EF4-9B80-48F9-92CD-499C77AAD079}.Release|Any CPU.Build.0 = Release|Any CPU
	EndGlobalSection
	GlobalSection(SolutionProperties) = preSolution
		HideSolutionNode = FALSE
	EndGlobalSection
	GlobalSection(ExtensibilityGlobals) = postSolution
		SolutionGuid = {053FDC5C-1856-4412-8F54-4C796A6B79AC}
	EndGlobalSection
EndGlobal
