
Microsoft Visual Studio Solution File, Format Version 12.00
# Visual Studio 15
VisualStudioVersion = 15.0.27428.2015
MinimumVisualStudioVersion = 10.0.40219.1
Project("{FAE04EC0-301F-11D3-BF4B-00C04F79EFBC}") = "DigiboardEditor", "DigiboardEditor\DigiboardEditor.csproj", "{2B4268CF-BC33-4528-AF49-4E3CBC0041DF}"
EndProject
Project("{FAE04EC0-301F-11D3-BF4B-00C04F79EFBC}") = "DigiboardTests", "DigiboardTests\DigiboardTests.csproj", "{01595A4C-CA56-46CE-9794-56D9FBCE360B}"
EndProject
Global
	GlobalSection(SolutionConfigurationPlatforms) = preSolution
		Debug|Any CPU = Debug|Any CPU
		Release|Any CPU = Release|Any CPU
	EndGlobalSection
	GlobalSection(ProjectConfigurationPlatforms) = postSolution
		{2B4268CF-BC33-4528-AF49-4E3CBC0041DF}.Debug|Any CPU.ActiveCfg = Debug|Any CPU
		{2B4268CF-BC33-4528-AF49-4E3CBC0041DF}.Debug|Any CPU.Build.0 = Debug|Any CPU
		{2B4268CF-BC33-4528-AF49-4E3CBC0041DF}.Release|Any CPU.ActiveCfg = Release|Any CPU
		{2B4268CF-BC33-4528-AF49-4E3CBC0041DF}.Release|Any CPU.Build.0 = Release|Any CPU
		{01595A4C-CA56-46CE-9794-56D9FBCE360B}.Debug|Any CPU.ActiveCfg = Debug|Any CPU
		{01595A4C-CA56-46CE-9794-56D9FBCE360B}.Debug|Any CPU.Build.0 = Debug|Any CPU
		{01595A4C-CA56-46CE-9794-56D9FBCE360B}.Release|Any CPU.ActiveCfg = Release|Any CPU
		{01595A4C-CA56-46CE-9794-56D9FBCE360B}.Release|Any CPU.Build.0 = Release|Any CPU
	EndGlobalSection
	GlobalSection(SolutionProperties) = preSolution
		HideSolutionNode = FALSE
	EndGlobalSection
	GlobalSection(ExtensibilityGlobals) = postSolution
		SolutionGuid = {7488343C-6B5F-441F-AE0F-C9DCD4740709}
	EndGlobalSection
EndGlobal
